
Microsoft Visual Studio Solution File, Format Version 12.00
# Visual Studio Version 16
VisualStudioVersion = 16.0.30804.86
MinimumVisualStudioVersion = 10.0.40219.1
Project("{FAE04EC0-301F-11D3-BF4B-00C04F79EFBC}") = "angular-core", "angular-core\angular-core.csproj", "{EF1F25B1-A385-4CB5-8A51-FFD4EEA8DB56}"
EndProject
Global
	GlobalSection(SolutionConfigurationPlatforms) = preSolution
		Debug|Any CPU = Debug|Any CPU
		Release|Any CPU = Release|Any CPU
	EndGlobalSection
	GlobalSection(ProjectConfigurationPlatforms) = postSolution
		{EF1F25B1-A385-4CB5-8A51-FFD4EEA8DB56}.Debug|Any CPU.ActiveCfg = Debug|Any CPU
		{EF1F25B1-A385-4CB5-8A51-FFD4EEA8DB56}.Debug|Any CPU.Build.0 = Debug|Any CPU
		{EF1F25B1-A385-4CB5-8A51-FFD4EEA8DB56}.Release|Any CPU.ActiveCfg = Release|Any CPU
		{EF1F25B1-A385-4CB5-8A51-FFD4EEA8DB56}.Release|Any CPU.Build.0 = Release|Any CPU
	EndGlobalSection
	GlobalSection(SolutionProperties) = preSolution
		HideSolutionNode = FALSE
	EndGlobalSection
	GlobalSection(ExtensibilityGlobals) = postSolution
		SolutionGuid = {51A30A97-3E0F-4FB6-918A-F4B07A1DF45F}
	EndGlobalSection
EndGlobal
